{
  "requires": true,
  "lockfileVersion": 1,
  "dependencies": {
    "gutter-grid": {
      "version": "7.0.0",
      "resolved": "https://registry.npmjs.org/gutter-grid/-/gutter-grid-7.0.0.tgz",
      "integrity": "sha512-gPDbwaAEmeUhnUxJ06yCQTWqH4QyQSRdwbeolYSZC5H5SxqYGVIR5p54ZtgjhZ1yQzOm7j1FHYYvR5uOKh369Q==",
      "requires": {
        "mq-scss": "*"
      }
    },
    "mq-scss": {
      "version": "2.1.5",
      "resolved": "https://registry.npmjs.org/mq-scss/-/mq-scss-2.1.5.tgz",
      "integrity": "sha512-3c7OrB+0n8lYm981odZHmD1PAdGXyDmG2WfeN10U1pn3h+V4B+qZX4TtnHkIohizfnvQJIppcog/9cwJLDldwQ=="
    }
  }
}
